# THIS IS AN AUTOGENERATED FILE. DO NOT EDIT THIS FILE DIRECTLY.
# yarn lockfile v1


"@storybook/cdk-template-default@/home/usulpro/WebDev/_CDK/react-cdk/tarballs/cdk-template-default.tgz":
  version "0.2.0-alpha.0"
  resolved "/home/usulpro/WebDev/_CDK/react-cdk/tarballs/cdk-template-default.tgz#70a566920ce80c5ceabffce8701bedf0b2bce0f0"
